
Microsoft Visual Studio Solution File, Format Version 12.00
# Visual Studio Version 17
VisualStudioVersion = 17.0.31903.59
MinimumVisualStudioVersion = 10.0.40219.1
Project("{FAE04EC0-301F-11D3-BF4B-00C04F79EFBC}") = "ProductService", "ProductService\ProductService.csproj", "{19D27AB6-4AA2-46ED-A726-663447777E92}"
EndProject
Project("{FAE04EC0-301F-11D3-BF4B-00C04F79EFBC}") = "OrderService", "OrderService\OrderService.csproj", "{1150FA85-B4F4-4167-AC06-2828ADD869EC}"
EndProject
Global
	GlobalSection(SolutionConfigurationPlatforms) = preSolution
		Debug|Any CPU = Debug|Any CPU
		Release|Any CPU = Release|Any CPU
	EndGlobalSection
	GlobalSection(SolutionProperties) = preSolution
		HideSolutionNode = FALSE
	EndGlobalSection
	GlobalSection(ProjectConfigurationPlatforms) = postSolution
		{19D27AB6-4AA2-46ED-A726-663447777E92}.Debug|Any CPU.ActiveCfg = Debug|Any CPU
		{19D27AB6-4AA2-46ED-A726-663447777E92}.Debug|Any CPU.Build.0 = Debug|Any CPU
		{19D27AB6-4AA2-46ED-A726-663447777E92}.Release|Any CPU.ActiveCfg = Release|Any CPU
		{19D27AB6-4AA2-46ED-A726-663447777E92}.Release|Any CPU.Build.0 = Release|Any CPU
		{1150FA85-B4F4-4167-AC06-2828ADD869EC}.Debug|Any CPU.ActiveCfg = Debug|Any CPU
		{1150FA85-B4F4-4167-AC06-2828ADD869EC}.Debug|Any CPU.Build.0 = Debug|Any CPU
		{1150FA85-B4F4-4167-AC06-2828ADD869EC}.Release|Any CPU.ActiveCfg = Release|Any CPU
		{1150FA85-B4F4-4167-AC06-2828ADD869EC}.Release|Any CPU.Build.0 = Release|Any CPU
	EndGlobalSection
EndGlobal
